
Microsoft Visual Studio Solution File, Format Version 12.00
# Visual Studio Version 16
VisualStudioVersion = 16.0.31105.61
MinimumVisualStudioVersion = 10.0.40219.1
Project("{9A19103F-16F7-4668-BE54-9A1E7A4F7556}") = "LabelsService", "LabelsService\LabelsService.csproj", "{F385A231-FE97-4854-9F53-D2BF1AD43ACC}"
EndProject
Global
	GlobalSection(SolutionConfigurationPlatforms) = preSolution
		Debug|Any CPU = Debug|Any CPU
		Release|Any CPU = Release|Any CPU
	EndGlobalSection
	GlobalSection(ProjectConfigurationPlatforms) = postSolution
		{F385A231-FE97-4854-9F53-D2BF1AD43ACC}.Debug|Any CPU.ActiveCfg = Debug|Any CPU
		{F385A231-FE97-4854-9F53-D2BF1AD43ACC}.Debug|Any CPU.Build.0 = Debug|Any CPU
		{F385A231-FE97-4854-9F53-D2BF1AD43ACC}.Release|Any CPU.ActiveCfg = Release|Any CPU
		{F385A231-FE97-4854-9F53-D2BF1AD43ACC}.Release|Any CPU.Build.0 = Release|Any CPU
	EndGlobalSection
	GlobalSection(SolutionProperties) = preSolution
		HideSolutionNode = FALSE
	EndGlobalSection
	GlobalSection(ExtensibilityGlobals) = postSolution
		SolutionGuid = {B414C8F3-7977-4992-81C4-88973BBC0F3F}
	EndGlobalSection
EndGlobal
