
Microsoft Visual Studio Solution File, Format Version 12.00
# Visual Studio 15
VisualStudioVersion = 15.0.28307.1145
MinimumVisualStudioVersion = 10.0.40219.1
Project("{FAE04EC0-301F-11D3-BF4B-00C04F79EFBC}") = "Shop_DB", "Shop_DB\Shop_DB.csproj", "{EEC69DD1-9A13-4115-9897-F99FC733345A}"
EndProject
Global
	GlobalSection(SolutionConfigurationPlatforms) = preSolution
		Debug|Any CPU = Debug|Any CPU
		Release|Any CPU = Release|Any CPU
	EndGlobalSection
	GlobalSection(ProjectConfigurationPlatforms) = postSolution
		{EEC69DD1-9A13-4115-9897-F99FC733345A}.Debug|Any CPU.ActiveCfg = Debug|Any CPU
		{EEC69DD1-9A13-4115-9897-F99FC733345A}.Debug|Any CPU.Build.0 = Debug|Any CPU
		{EEC69DD1-9A13-4115-9897-F99FC733345A}.Release|Any CPU.ActiveCfg = Release|Any CPU
		{EEC69DD1-9A13-4115-9897-F99FC733345A}.Release|Any CPU.Build.0 = Release|Any CPU
	EndGlobalSection
	GlobalSection(SolutionProperties) = preSolution
		HideSolutionNode = FALSE
	EndGlobalSection
	GlobalSection(ExtensibilityGlobals) = postSolution
		SolutionGuid = {2AD116AB-5444-4E9E-8F8E-22F9067BF42B}
	EndGlobalSection
EndGlobal
